
Microsoft Visual Studio Solution File, Format Version 12.00
# Visual Studio Version 16
VisualStudioVersion = 16.0.30114.105
MinimumVisualStudioVersion = 10.0.40219.1
Project("{2150E333-8FDC-42A3-9474-1A3956D46DE8}") = "Common", "Common", "{8304D0AE-5B03-44AE-BF3B-D6855423BBE9}"
EndProject
Project("{2150E333-8FDC-42A3-9474-1A3956D46DE8}") = "Data", "Data", "{501DDFDB-0790-42DC-9EAF-A1275DBB89D8}"
EndProject
Project("{2150E333-8FDC-42A3-9474-1A3956D46DE8}") = "Tests", "Tests", "{6308DBE3-16EB-4420-BD1F-5AFC68ADDA4B}"
EndProject
Project("{2150E333-8FDC-42A3-9474-1A3956D46DE8}") = "UI", "UI", "{B5293654-7CC8-4BBE-929F-9552A1715465}"
EndProject
Project("{2150E333-8FDC-42A3-9474-1A3956D46DE8}") = "Services", "Services", "{8150FF0A-2FEB-4D31-88BA-11708EB17621}"
EndProject
Project("{9A19103F-16F7-4668-BE54-9A1E7A4F7556}") = "Publications.Domain", "Common\Publications.Domain\Publications.Domain.csproj", "{4414CEEF-F5CA-4C9E-9C0E-0E91E4E9D12C}"
EndProject
Project("{9A19103F-16F7-4668-BE54-9A1E7A4F7556}") = "Publications.DAL", "Data\Publications.DAL\Publications.DAL.csproj", "{02A1899C-A416-4D1E-B577-622DE40C1102}"
EndProject
Project("{9A19103F-16F7-4668-BE54-9A1E7A4F7556}") = "Publications.ConsoleTest", "Tests\Publications.ConsoleTest\Publications.ConsoleTest.csproj", "{E7E5AB70-A0B6-49DE-868F-4DAD2857F98B}"
EndProject
Project("{9A19103F-16F7-4668-BE54-9A1E7A4F7556}") = "Publications.MVC", "UI\Publications.MVC\Publications.MVC.csproj", "{7F9DB1F7-CD1F-4C6C-8BF6-5693068DB039}"
EndProject
Project("{9A19103F-16F7-4668-BE54-9A1E7A4F7556}") = "Publications.Inrefaces", "Services\Publications.Interfaces\Publications.Inrefaces.csproj", "{92CAD6DB-7B58-44AB-BEF1-8361D6160AF7}"
EndProject
Project("{9A19103F-16F7-4668-BE54-9A1E7A4F7556}") = "Publications.Services", "Services\Publications.Services\Publications.Services.csproj", "{F7E2EB1E-4414-4C41-9B2D-7EA71549AE02}"
EndProject
Project("{9A19103F-16F7-4668-BE54-9A1E7A4F7556}") = "Publications.WPF", "UI\Publications.WPF\Publications.WPF.csproj", "{E2BBF524-B2D5-4B6F-9D75-44E32AB90DC6}"
EndProject
Global
	GlobalSection(SolutionConfigurationPlatforms) = preSolution
		Debug|Any CPU = Debug|Any CPU
		Debug|x64 = Debug|x64
		Debug|x86 = Debug|x86
		Release|Any CPU = Release|Any CPU
		Release|x64 = Release|x64
		Release|x86 = Release|x86
	EndGlobalSection
	GlobalSection(ProjectConfigurationPlatforms) = postSolution
		{4414CEEF-F5CA-4C9E-9C0E-0E91E4E9D12C}.Debug|Any CPU.ActiveCfg = Debug|Any CPU
		{4414CEEF-F5CA-4C9E-9C0E-0E91E4E9D12C}.Debug|Any CPU.Build.0 = Debug|Any CPU
		{4414CEEF-F5CA-4C9E-9C0E-0E91E4E9D12C}.Debug|x64.ActiveCfg = Debug|Any CPU
		{4414CEEF-F5CA-4C9E-9C0E-0E91E4E9D12C}.Debug|x64.Build.0 = Debug|Any CPU
		{4414CEEF-F5CA-4C9E-9C0E-0E91E4E9D12C}.Debug|x86.ActiveCfg = Debug|Any CPU
		{4414CEEF-F5CA-4C9E-9C0E-0E91E4E9D12C}.Debug|x86.Build.0 = Debug|Any CPU
		{4414CEEF-F5CA-4C9E-9C0E-0E91E4E9D12C}.Release|Any CPU.ActiveCfg = Release|Any CPU
		{4414CEEF-F5CA-4C9E-9C0E-0E91E4E9D12C}.Release|Any CPU.Build.0 = Release|Any CPU
		{4414CEEF-F5CA-4C9E-9C0E-0E91E4E9D12C}.Release|x64.ActiveCfg = Release|Any CPU
		{4414CEEF-F5CA-4C9E-9C0E-0E91E4E9D12C}.Release|x64.Build.0 = Release|Any CPU
		{4414CEEF-F5CA-4C9E-9C0E-0E91E4E9D12C}.Release|x86.ActiveCfg = Release|Any CPU
		{4414CEEF-F5CA-4C9E-9C0E-0E91E4E9D12C}.Release|x86.Build.0 = Release|Any CPU
		{02A1899C-A416-4D1E-B577-622DE40C1102}.Debug|Any CPU.ActiveCfg = Debug|Any CPU
		{02A1899C-A416-4D1E-B577-622DE40C1102}.Debug|Any CPU.Build.0 = Debug|Any CPU
		{02A1899C-A416-4D1E-B577-622DE40C1102}.Debug|x64.ActiveCfg = Debug|Any CPU
		{02A1899C-A416-4D1E-B577-622DE40C1102}.Debug|x64.Build.0 = Debug|Any CPU
		{02A1899C-A416-4D1E-B577-622DE40C1102}.Debug|x86.ActiveCfg = Debug|Any CPU
		{02A1899C-A416-4D1E-B577-622DE40C1102}.Debug|x86.Build.0 = Debug|Any CPU
		{02A1899C-A416-4D1E-B577-622DE40C1102}.Release|Any CPU.ActiveCfg = Release|Any CPU
		{02A1899C-A416-4D1E-B577-622DE40C1102}.Release|Any CPU.Build.0 = Release|Any CPU
		{02A1899C-A416-4D1E-B577-622DE40C1102}.Release|x64.ActiveCfg = Release|Any CPU
		{02A1899C-A416-4D1E-B577-622DE40C1102}.Release|x64.Build.0 = Release|Any CPU
		{02A1899C-A416-4D1E-B577-622DE40C1102}.Release|x86.ActiveCfg = Release|Any CPU
		{02A1899C-A416-4D1E-B577-622DE40C1102}.Release|x86.Build.0 = Release|Any CPU
		{E7E5AB70-A0B6-49DE-868F-4DAD2857F98B}.Debug|Any CPU.ActiveCfg = Debug|Any CPU
		{E7E5AB70-A0B6-49DE-868F-4DAD2857F98B}.Debug|Any CPU.Build.0 = Debug|Any CPU
		{E7E5AB70-A0B6-49DE-868F-4DAD2857F98B}.Debug|x64.ActiveCfg = Debug|Any CPU
		{E7E5AB70-A0B6-49DE-868F-4DAD2857F98B}.Debug|x64.Build.0 = Debug|Any CPU
		{E7E5AB70-A0B6-49DE-868F-4DAD2857F98B}.Debug|x86.ActiveCfg = Debug|Any CPU
		{E7E5AB70-A0B6-49DE-868F-4DAD2857F98B}.Debug|x86.Build.0 = Debug|Any CPU
		{E7E5AB70-A0B6-49DE-868F-4DAD2857F98B}.Release|Any CPU.ActiveCfg = Release|Any CPU
		{E7E5AB70-A0B6-49DE-868F-4DAD2857F98B}.Release|Any CPU.Build.0 = Release|Any CPU
		{E7E5AB70-A0B6-49DE-868F-4DAD2857F98B}.Release|x64.ActiveCfg = Release|Any CPU
		{E7E5AB70-A0B6-49DE-868F-4DAD2857F98B}.Release|x64.Build.0 = Release|Any CPU
		{E7E5AB70-A0B6-49DE-868F-4DAD2857F98B}.Release|x86.ActiveCfg = Release|Any CPU
		{E7E5AB70-A0B6-49DE-868F-4DAD2857F98B}.Release|x86.Build.0 = Release|Any CPU
		{7F9DB1F7-CD1F-4C6C-8BF6-5693068DB039}.Debug|Any CPU.ActiveCfg = Debug|Any CPU
		{7F9DB1F7-CD1F-4C6C-8BF6-5693068DB039}.Debug|Any CPU.Build.0 = Debug|Any CPU
		{7F9DB1F7-CD1F-4C6C-8BF6-5693068DB039}.Debug|x64.ActiveCfg = Debug|Any CPU
		{7F9DB1F7-CD1F-4C6C-8BF6-5693068DB039}.Debug|x64.Build.0 = Debug|Any CPU
		{7F9DB1F7-CD1F-4C6C-8BF6-5693068DB039}.Debug|x86.ActiveCfg = Debug|Any CPU
		{7F9DB1F7-CD1F-4C6C-8BF6-5693068DB039}.Debug|x86.Build.0 = Debug|Any CPU
		{7F9DB1F7-CD1F-4C6C-8BF6-5693068DB039}.Release|Any CPU.ActiveCfg = Release|Any CPU
		{7F9DB1F7-CD1F-4C6C-8BF6-5693068DB039}.Release|Any CPU.Build.0 = Release|Any CPU
		{7F9DB1F7-CD1F-4C6C-8BF6-5693068DB039}.Release|x64.ActiveCfg = Release|Any CPU
		{7F9DB1F7-CD1F-4C6C-8BF6-5693068DB039}.Release|x64.Build.0 = Release|Any CPU
		{7F9DB1F7-CD1F-4C6C-8BF6-5693068DB039}.Release|x86.ActiveCfg = Release|Any CPU
		{7F9DB1F7-CD1F-4C6C-8BF6-5693068DB039}.Release|x86.Build.0 = Release|Any CPU
		{92CAD6DB-7B58-44AB-BEF1-8361D6160AF7}.Debug|Any CPU.ActiveCfg = Debug|Any CPU
		{92CAD6DB-7B58-44AB-BEF1-8361D6160AF7}.Debug|Any CPU.Build.0 = Debug|Any CPU
		{92CAD6DB-7B58-44AB-BEF1-8361D6160AF7}.Debug|x64.ActiveCfg = Debug|Any CPU
		{92CAD6DB-7B58-44AB-BEF1-8361D6160AF7}.Debug|x64.Build.0 = Debug|Any CPU
		{92CAD6DB-7B58-44AB-BEF1-8361D6160AF7}.Debug|x86.ActiveCfg = Debug|Any CPU
		{92CAD6DB-7B58-44AB-BEF1-8361D6160AF7}.Debug|x86.Build.0 = Debug|Any CPU
		{92CAD6DB-7B58-44AB-BEF1-8361D6160AF7}.Release|Any CPU.ActiveCfg = Release|Any CPU
		{92CAD6DB-7B58-44AB-BEF1-8361D6160AF7}.Release|Any CPU.Build.0 = Release|Any CPU
		{92CAD6DB-7B58-44AB-BEF1-8361D6160AF7}.Release|x64.ActiveCfg = Release|Any CPU
		{92CAD6DB-7B58-44AB-BEF1-8361D6160AF7}.Release|x64.Build.0 = Release|Any CPU
		{92CAD6DB-7B58-44AB-BEF1-8361D6160AF7}.Release|x86.ActiveCfg = Release|Any CPU
		{92CAD6DB-7B58-44AB-BEF1-8361D6160AF7}.Release|x86.Build.0 = Release|Any CPU
		{F7E2EB1E-4414-4C41-9B2D-7EA71549AE02}.Debug|Any CPU.ActiveCfg = Debug|Any CPU
		{F7E2EB1E-4414-4C41-9B2D-7EA71549AE02}.Debug|Any CPU.Build.0 = Debug|Any CPU
		{F7E2EB1E-4414-4C41-9B2D-7EA71549AE02}.Debug|x64.ActiveCfg = Debug|Any CPU
		{F7E2EB1E-4414-4C41-9B2D-7EA71549AE02}.Debug|x64.Build.0 = Debug|Any CPU
		{F7E2EB1E-4414-4C41-9B2D-7EA71549AE02}.Debug|x86.ActiveCfg = Debug|Any CPU
		{F7E2EB1E-4414-4C41-9B2D-7EA71549AE02}.Debug|x86.Build.0 = Debug|Any CPU
		{F7E2EB1E-4414-4C41-9B2D-7EA71549AE02}.Release|Any CPU.ActiveCfg = Release|Any CPU
		{F7E2EB1E-4414-4C41-9B2D-7EA71549AE02}.Release|Any CPU.Build.0 = Release|Any CPU
		{F7E2EB1E-4414-4C41-9B2D-7EA71549AE02}.Release|x64.ActiveCfg = Release|Any CPU
		{F7E2EB1E-4414-4C41-9B2D-7EA71549AE02}.Release|x64.Build.0 = Release|Any CPU
		{F7E2EB1E-4414-4C41-9B2D-7EA71549AE02}.Release|x86.ActiveCfg = Release|Any CPU
		{F7E2EB1E-4414-4C41-9B2D-7EA71549AE02}.Release|x86.Build.0 = Release|Any CPU
		{E2BBF524-B2D5-4B6F-9D75-44E32AB90DC6}.Debug|Any CPU.ActiveCfg = Debug|Any CPU
		{E2BBF524-B2D5-4B6F-9D75-44E32AB90DC6}.Debug|Any CPU.Build.0 = Debug|Any CPU
		{E2BBF524-B2D5-4B6F-9D75-44E32AB90DC6}.Debug|x64.ActiveCfg = Debug|Any CPU
		{E2BBF524-B2D5-4B6F-9D75-44E32AB90DC6}.Debug|x64.Build.0 = Debug|Any CPU
		{E2BBF524-B2D5-4B6F-9D75-44E32AB90DC6}.Debug|x86.ActiveCfg = Debug|Any CPU
		{E2BBF524-B2D5-4B6F-9D75-44E32AB90DC6}.Debug|x86.Build.0 = Debug|Any CPU
		{E2BBF524-B2D5-4B6F-9D75-44E32AB90DC6}.Release|Any CPU.ActiveCfg = Release|Any CPU
		{E2BBF524-B2D5-4B6F-9D75-44E32AB90DC6}.Release|Any CPU.Build.0 = Release|Any CPU
		{E2BBF524-B2D5-4B6F-9D75-44E32AB90DC6}.Release|x64.ActiveCfg = Release|Any CPU
		{E2BBF524-B2D5-4B6F-9D75-44E32AB90DC6}.Release|x64.Build.0 = Release|Any CPU
		{E2BBF524-B2D5-4B6F-9D75-44E32AB90DC6}.Release|x86.ActiveCfg = Release|Any CPU
		{E2BBF524-B2D5-4B6F-9D75-44E32AB90DC6}.Release|x86.Build.0 = Release|Any CPU
	EndGlobalSection
	GlobalSection(SolutionProperties) = preSolution
		HideSolutionNode = FALSE
	EndGlobalSection
	GlobalSection(NestedProjects) = preSolution
		{4414CEEF-F5CA-4C9E-9C0E-0E91E4E9D12C} = {8304D0AE-5B03-44AE-BF3B-D6855423BBE9}
		{02A1899C-A416-4D1E-B577-622DE40C1102} = {501DDFDB-0790-42DC-9EAF-A1275DBB89D8}
		{E7E5AB70-A0B6-49DE-868F-4DAD2857F98B} = {6308DBE3-16EB-4420-BD1F-5AFC68ADDA4B}
		{7F9DB1F7-CD1F-4C6C-8BF6-5693068DB039} = {B5293654-7CC8-4BBE-929F-9552A1715465}
		{92CAD6DB-7B58-44AB-BEF1-8361D6160AF7} = {8150FF0A-2FEB-4D31-88BA-11708EB17621}
		{F7E2EB1E-4414-4C41-9B2D-7EA71549AE02} = {8150FF0A-2FEB-4D31-88BA-11708EB17621}
		{E2BBF524-B2D5-4B6F-9D75-44E32AB90DC6} = {B5293654-7CC8-4BBE-929F-9552A1715465}
	EndGlobalSection
	GlobalSection(ExtensibilityGlobals) = postSolution
		SolutionGuid = {6A7AFD13-D867-488D-A2CA-DAF9BA5AD779}
	EndGlobalSection
EndGlobal
